github.com/vishvananda/netlink v1.2.1-beta.2.0.20221214185949-378a404a26f0 h1:CmIQLx2ltHYW5WpfV0x3rCS3SBXFBkzI3xKpSILlWzs=
github.com/vishvananda/netlink v1.2.1-beta.2.0.20221214185949-378a404a26f0/go.mod h1:cAAsePK2e15YDAMJNyOpGYEWNe4sIghTY7gpz4cX/Ik=
github.com/vishvananda/netns v0.0.0-20200728191858-db3c7e526aae h1:4hwBBUfQCFe3Cym0ZtKyq7L16eZUtYKs+BaHDN6mAns=
github.com/vishvananda/netns v0.0.0-20200728191858-db3c7e526aae/go.mod h1:DD4vA1DwXk04H54A1oHXtwZmA0grkVMdPxx/VGLCah0=
golang.org/x/sys v0.0.0-20200217220822-9197077df867/go.mod h1:h1NjWce9XRLGQEsW7wpKNCjG9DtNlClVuFLEZdDNbEs=
golang.org/x/sys v0.0.0-20220804214406-8e32c043e418 h1:9vYwv7OjYaky/tlAeD7C4oC9EsPTlaFl1H2jS++V+ME=
golang.org/x/sys v0.0.0-20220804214406-8e32c043e418/go.mod h1:oPkhp1MJrh7nUepCBck5+mAzfO9JrbApNNgaTdGDITg=
gopkg.in/check.v1 v0.0.0-20161208181325-20d25e280405 h1:yhCVgyC4o1eVCa2tZl7eS0r+SDo693bJlVdllGtEeKM=
gopkg.in/check.v1 v0.0.0-20161208181325-20d25e280405/go.mod h1:Co6ibVJAznAaIkqp8huTwlJQCZ016jof/cbN4VW5Yz0=
gopkg.in/yaml.v3 v3.0.1 h1:fxVm/GzAzEWqLHuvctI91KS9hhNmmWOoWu0XTYJS7CA=
gopkg.in/yaml.v3 v3.0.1/go.mod h1:K4uyk7z7BCEPqu6E+C64Yfv1cQ7kz7rIZviUmN+EgEM=
